// !$*UTF8*$!
{
	archiveVersion = 1;
	classes = {
	};
	objectVersion = 46;
	objects = {

/* Begin PBXBuildFile section */
		D0920CCC1EC2F6CD00BBE06B /* AppDelegate.swift in Sources */ = {isa = PBXBuildFile; fileRef = D0920CCB1EC2F6CD00BBE06B /* AppDelegate.swift */; };
		D0920CCE1EC2F6CD00BBE06B /* ViewController.swift in Sources */ = {isa = PBXBuildFile; fileRef = D0920CCD1EC2F6CD00BBE06B /* ViewController.swift */; };
		D0920CD11EC2F6CD00BBE06B /* Main.storyboard in Resources */ = {isa = PBXBuildFile; fileRef = D0920CCF1EC2F6CD00BBE06B /* Main.storyboard */; };
		D0920CD31EC2F6CD00BBE06B /* Assets.xcassets in Resources */ = {isa = PBXBuildFile; fileRef = D0920CD21EC2F6CD00BBE06B /* Assets.xcassets */; };
		D0920CD61EC2F6CD00BBE06B /* LaunchScreen.storyboard in Resources */ = {isa = PBXBuildFile; fileRef = D0920CD41EC2F6CD00BBE06B /* LaunchScreen.storyboard */; };
		D0920CE11EC2F6CD00BBE06B /* rainyshinycloudyTests.swift in Sources */ = {isa = PBXBuildFile; fileRef = D0920CE01EC2F6CD00BBE06B /* rainyshinycloudyTests.swift */; };
		D0920CEC1EC2F6CD00BBE06B /* rainyshinycloudyUITests.swift in Sources */ = {isa = PBXBuildFile; fileRef = D0920CEB1EC2F6CD00BBE06B /* rainyshinycloudyUITests.swift */; };
/* End PBXBuildFile section */

/* Begin PBXContainerItemProxy section */
		D0920CDD1EC2F6CD00BBE06B /* PBXContainerItemProxy */ = {
			isa = PBXContainerItemProxy;
			containerPortal = D0920CC01EC2F6CC00BBE06B /* Project object */;
			proxyType = 1;
			remoteGlobalIDString = D0920CC71EC2F6CC00BBE06B;
			remoteInfo = rainyshinycloudy;
		};
		D0920CE81EC2F6CD00BBE06B /* PBXContainerItemProxy */ = {
			isa = PBXContainerItemProxy;
			containerPortal = D0920CC01EC2F6CC00BBE06B /* Project object */;
			proxyType = 1;
			remoteGlobalIDString = D0920CC71EC2F6CC00BBE06B;
			remoteInfo = rainyshinycloudy;
		};
/* End PBXContainerItemProxy section */

/* Begin PBXFileReference section */
		D0920CC81EC2F6CC00BBE06B /* rainyshinycloudy.app */ = {isa = PBXFileReference; explicitFileType = wrapper.application; includeInIndex = 0; path = rainyshinycloudy.app; sourceTree = BUILT_PRODUCTS_DIR; };
		D0920CCB1EC2F6CD00BBE06B /* AppDelegate.swift */ = {isa = PBXFileReference; lastKnownFileType = sourcecode.swift; path = AppDelegate.swift; sourceTree = "<group>"; };
		D0920CCD1EC2F6CD00BBE06B /* ViewController.swift */ = {isa = PBXFileReference; lastKnownFileType = sourcecode.swift; path = ViewController.swift; sourceTree = "<group>"; };
		D0920CD01EC2F6CD00BBE06B /* Base */ = {isa = PBXFileReference; lastKnownFileType = file.storyboard; name = Base; path = Base.lproj/Main.storyboard; sourceTree = "<group>"; };
		D0920CD21EC2F6CD00BBE06B /* Assets.xcassets */ = {isa = PBXFileReference; lastKnownFileType = folder.assetcatalog; path = Assets.xcassets; sourceTree = "<group>"; };
		D0920CD51EC2F6CD00BBE06B /* Base */ = {isa = PBXFileReference; lastKnownFileType = file.storyboard; name = Base; path = Base.lproj/LaunchScreen.storyboard; sourceTree = "<group>"; };
		D0920CD71EC2F6CD00BBE06B /* Info.plist */ = {isa = PBXFileReference; lastKnownFileType = text.plist.xml; path = Info.plist; sourceTree = "<group>"; };
		D0920CDC1EC2F6CD00BBE06B /* rainyshinycloudyTests.xctest */ = {isa = PBXFileReference; explicitFileType = wrapper.cfbundle; includeInIndex = 0; path = rainyshinycloudyTests.xctest; sourceTree = BUILT_PRODUCTS_DIR; };
		D0920CE01EC2F6CD00BBE06B /* rainyshinycloudyTests.swift */ = {isa = PBXFileReference; lastKnownFileType = sourcecode.swift; path = rainyshinycloudyTests.swift; sourceTree = "<group>"; };
		D0920CE21EC2F6CD00BBE06B /* Info.plist */ = {isa = PBXFileReference; lastKnownFileType = text.plist.xml; path = Info.plist; sourceTree = "<group>"; };
		D0920CE71EC2F6CD00BBE06B /* rainyshinycloudyUITests.xctest */ = {isa = PBXFileReference; explicitFileType = wrapper.cfbundle; includeInIndex = 0; path = rainyshinycloudyUITests.xctest; sourceTree = BUILT_PRODUCTS_DIR; };
		D0920CEB1EC2F6CD00BBE06B /* rainyshinycloudyUITests.swift */ = {isa = PBXFileReference; lastKnownFileType = sourcecode.swift; path = rainyshinycloudyUITests.swift; sourceTree = "<group>"; };
		D0920CED1EC2F6CD00BBE06B /* Info.plist */ = {isa = PBXFileReference; lastKnownFileType = text.plist.xml; path = Info.plist; sourceTree = "<group>"; };
/* End PBXFileReference section */

/* Begin PBXFrameworksBuildPhase section */
		D0920CC51EC2F6CC00BBE06B /* Frameworks */ = {
			isa = PBXFrameworksBuildPhase;
			buildActionMask = 2147483647;
			files = (
			);
			runOnlyForDeploymentPostprocessing = 0;
		};
		D0920CD91EC2F6CD00BBE06B /* Frameworks */ = {
			isa = PBXFrameworksBuildPhase;
			buildActionMask = 2147483647;
			files = (
			);
			runOnlyForDeploymentPostprocessing = 0;
		};
		D0920CE41EC2F6CD00BBE06B /* Frameworks */ = {
			isa = PBXFrameworksBuildPhase;
			buildActionMask = 2147483647;
			files = (
			);
			runOnlyForDeploymentPostprocessing = 0;
		};
/* End PBXFrameworksBuildPhase section */

/* Begin PBXGroup section */
		D0920CBF1EC2F6CC00BBE06B = {
			isa = PBXGroup;
			children = (
				D0920CCA1EC2F6CC00BBE06B /* rainyshinycloudy */,
				D0920CDF1EC2F6CD00BBE06B /* rainyshinycloudyTests */,
				D0920CEA1EC2F6CD00BBE06B /* rainyshinycloudyUITests */,
				D0920CC91EC2F6CC00BBE06B /* Products */,
			);
			sourceTree = "<group>";
		};
		D0920CC91EC2F6CC00BBE06B /* Products */ = {
			isa = PBXGroup;
			children = (
				D0920CC81EC2F6CC00BBE06B /* rainyshinycloudy.app */,
				D0920CDC1EC2F6CD00BBE06B /* rainyshinycloudyTests.xctest */,
				D0920CE71EC2F6CD00BBE06B /* rainyshinycloudyUITests.xctest */,
			);
			name = Products;
			sourceTree = "<group>";
		};
		D0920CCA1EC2F6CC00BBE06B /* rainyshinycloudy */ = {
			isa = PBXGroup;
			children = (
				D0920CCB1EC2F6CD00BBE06B /* AppDelegate.swift */,
				D0920CCD1EC2F6CD00BBE06B /* ViewController.swift */,
				D0920CCF1EC2F6CD00BBE06B /* Main.storyboard */,
				D0920CD21EC2F6CD00BBE06B /* Assets.xcassets */,
				D0920CD41EC2F6CD00BBE06B /* LaunchScreen.storyboard */,
				D0920CD71EC2F6CD00BBE06B /* Info.plist */,
			);
			path = rainyshinycloudy;
			sourceTree = "<group>";
		};
		D0920CDF1EC2F6CD00BBE06B /* rainyshinycloudyTests */ = {
			isa = PBXGroup;
			children = (
				D0920CE01EC2F6CD00BBE06B /* rainyshinycloudyTests.swift */,
				D0920CE21EC2F6CD00BBE06B /* Info.plist */,
			);
			path = rainyshinycloudyTests;
			sourceTree = "<group>";
		};
		D0920CEA1EC2F6CD00BBE06B /* rainyshinycloudyUITests */ = {
			isa = PBXGroup;
			children = (
				D0920CEB1EC2F6CD00BBE06B /* rainyshinycloudyUITests.swift */,
				D0920CED1EC2F6CD00BBE06B /* Info.plist */,
			);
			path = rainyshinycloudyUITests;
			sourceTree = "<group>";
		};
/* End PBXGroup section */

/* Begin PBXNativeTarget section */
		D0920CC71EC2F6CC00BBE06B /* rainyshinycloudy */ = {
			isa = PBXNativeTarget;
			buildConfigurationList = D0920CF01EC2F6CD00BBE06B /* Build configuration list for PBXNativeTarget "rainyshinycloudy" */;
			buildPhases = (
				D0920CC41EC2F6CC00BBE06B /* Sources */,
				D0920CC51EC2F6CC00BBE06B /* Frameworks */,
				D0920CC61EC2F6CC00BBE06B /* Resources */,
			);
			buildRules = (
			);
			dependencies = (
			);
			name = rainyshinycloudy;
			productName = rainyshinycloudy;
			productReference = D0920CC81EC2F6CC00BBE06B /* rainyshinycloudy.app */;
			productType = "com.apple.product-type.application";
		};
		D0920CDB1EC2F6CD00BBE06B /* rainyshinycloudyTests */ = {
			isa = PBXNativeTarget;
			buildConfigurationList = D0920CF31EC2F6CD00BBE06B /* Build configuration list for PBXNativeTarget "rainyshinycloudyTests" */;
			buildPhases = (
				D0920CD81EC2F6CD00BBE06B /* Sources */,
				D0920CD91EC2F6CD00BBE06B /* Frameworks */,
				D0920CDA1EC2F6CD00BBE06B /* Resources */,
			);
			buildRules = (
			);
			dependencies = (
				D0920CDE1EC2F6CD00BBE06B /* PBXTargetDependency */,
			);
			name = rainyshinycloudyTests;
			productName = rainyshinycloudyTests;
			productReference = D0920CDC1EC2F6CD00BBE06B /* rainyshinycloudyTests.xctest */;
			productType = "com.apple.product-type.bundle.unit-test";
		};
		D0920CE61EC2F6CD00BBE06B /* rainyshinycloudyUITests */ = {
			isa = PBXNativeTarget;
			buildConfigurationList = D0920CF61EC2F6CD00BBE06B /* Build configuration list for PBXNativeTarget "rainyshinycloudyUITests" */;
			buildPhases = (
				D0920CE31EC2F6CD00BBE06B /* Sources */,
				D0920CE41EC2F6CD00BBE06B /* Frameworks */,
				D0920CE51EC2F6CD00BBE06B /* Resources */,
			);
			buildRules = (
			);
			dependencies = (
				D0920CE91EC2F6CD00BBE06B /* PBXTargetDependency */,
			);
			name = rainyshinycloudyUITests;
			productName = rainyshinycloudyUITests;
			productReference = D0920CE71EC2F6CD00BBE06B /* rainyshinycloudyUITests.xctest */;
			productType = "com.apple.product-type.bundle.ui-testing";
		};
/* End PBXNativeTarget section */

/* Begin PBXProject section */
		D0920CC01EC2F6CC00BBE06B /* Project object */ = {
			isa = PBXProject;
			attributes = {
				LastSwiftUpdateCheck = 0830;
				LastUpgradeCheck = 0830;
				ORGANIZATIONNAME = "David Ramirez";
				TargetAttributes = {
					D0920CC71EC2F6CC00BBE06B = {
						CreatedOnToolsVersion = 8.3.2;
						DevelopmentTeam = MSPH9VBN9U;
						ProvisioningStyle = Automatic;
					};
					D0920CDB1EC2F6CD00BBE06B = {
						CreatedOnToolsVersion = 8.3.2;
						DevelopmentTeam = MSPH9VBN9U;
						ProvisioningStyle = Automatic;
						TestTargetID = D0920CC71EC2F6CC00BBE06B;
					};
					D0920CE61EC2F6CD00BBE06B = {
						CreatedOnToolsVersion = 8.3.2;
						DevelopmentTeam = MSPH9VBN9U;
						ProvisioningStyle = Automatic;
						TestTargetID = D0920CC71EC2F6CC00BBE06B;
					};
				};
			};
			buildConfigurationList = D0920CC31EC2F6CC00BBE06B /* Build configuration list for PBXProject "rainyshinycloudy" */;
			compatibilityVersion = "Xcode 3.2";
			developmentRegion = English;
			hasScannedForEncodings = 0;
			knownRegions = (
				en,
				Base,
			);
			mainGroup = D0920CBF1EC2F6CC00BBE06B;
			productRefGroup = D0920CC91EC2F6CC00BBE06B /* Products */;
			projectDirPath = "";
			projectRoot = "";
			targets = (
				D0920CC71EC2F6CC00BBE06B /* rainyshinycloudy */,
				D0920CDB1EC2F6CD00BBE06B /* rainyshinycloudyTests */,
				D0920CE61EC2F6CD00BBE06B /* rainyshinycloudyUITests */,
			);
		};
/* End PBXProject section */

/* Begin PBXResourcesBuildPhase section */
		D0920CC61EC2F6CC00BBE06B /* Resources */ = {
			isa = PBXResourcesBuildPhase;
			buildActionMask = 2147483647;
			files = (
				D0920CD61EC2F6CD00BBE06B /* LaunchScreen.storyboard in Resources */,
				D0920CD31EC2F6CD00BBE06B /* Assets.xcassets in Resources */,
				D0920CD11EC2F6CD00BBE06B /* Main.storyboard in Resources */,
			);
			runOnlyForDeploymentPostprocessing = 0;
		};
		D0920CDA1EC2F6CD00BBE06B /* Resources */ = {
			isa = PBXResourcesBuildPhase;
			buildActionMask = 2147483647;
			files = (
			);
			runOnlyForDeploymentPostprocessing = 0;
		};
		D0920CE51EC2F6CD00BBE06B /* Resources */ = {
			isa = PBXResourcesBuildPhase;
			buildActionMask = 2147483647;
			files = (
			);
			runOnlyForDeploymentPostprocessing = 0;
		};
/* End PBXResourcesBuildPhase section */

/* Begin PBXSourcesBuildPhase section */
		D0920CC41EC2F6CC00BBE06B /* Sources */ = {
			isa = PBXSourcesBuildPhase;
			buildActionMask = 2147483647;
			files = (
				D0920CCE1EC2F6CD00BBE06B /* ViewController.swift in Sources */,
				D0920CCC1EC2F6CD00BBE06B /* AppDelegate.swift in Sources */,
			);
			runOnlyForDeploymentPostprocessing = 0;
		};
		D0920CD81EC2F6CD00BBE06B /* Sources */ = {
			isa = PBXSourcesBuildPhase;
			buildActionMask = 2147483647;
			files = (
				D0920CE11EC2F6CD00BBE06B /* rainyshinycloudyTests.swift in Sources */,
			);
			runOnlyForDeploymentPostprocessing = 0;
		};
		D0920CE31EC2F6CD00BBE06B /* Sources */ = {
			isa = PBXSourcesBuildPhase;
			buildActionMask = 2147483647;
			files = (
				D0920CEC1EC2F6CD00BBE06B /* rainyshinycloudyUITests.swift in Sources */,
			);
			runOnlyForDeploymentPostprocessing = 0;
		};
/* End PBXSourcesBuildPhase section */

/* Begin PBXTargetDependency section */
		D0920CDE1EC2F6CD00BBE06B /* PBXTargetDependency */ = {
			isa = PBXTargetDependency;
			target = D0920CC71EC2F6CC00BBE06B /* rainyshinycloudy */;
			targetProxy = D0920CDD1EC2F6CD00BBE06B /* PBXContainerItemProxy */;
		};
		D0920CE91EC2F6CD00BBE06B /* PBXTargetDependency */ = {
			isa = PBXTargetDependency;
			target = D0920CC71EC2F6CC00BBE06B /* rainyshinycloudy */;
			targetProxy = D0920CE81EC2F6CD00BBE06B /* PBXContainerItemProxy */;
		};
/* End PBXTargetDependency section */

/* Begin PBXVariantGroup section */
		D0920CCF1EC2F6CD00BBE06B /* Main.storyboard */ = {
			isa = PBXVariantGroup;
			children = (
				D0920CD01EC2F6CD00BBE06B /* Base */,
			);
			name = Main.storyboard;
			sourceTree = "<group>";
		};
		D0920CD41EC2F6CD00BBE06B /* LaunchScreen.storyboard */ = {
			isa = PBXVariantGroup;
			children = (
				D0920CD51EC2F6CD00BBE06B /* Base */,
			);
			name = LaunchScreen.storyboard;
			sourceTree = "<group>";
		};
/* End PBXVariantGroup section */

/* Begin XCBuildConfiguration section */
		D0920CEE1EC2F6CD00BBE06B /* Debug */ = {
			isa = XCBuildConfiguration;
			buildSettings = {
				ALWAYS_SEARCH_USER_PATHS = NO;
				CLANG_ANALYZER_NONNULL = YES;
				CLANG_ANALYZER_NUMBER_OBJECT_CONVERSION = YES_AGGRESSIVE;
				CLANG_CXX_LANGUAGE_STANDARD = "gnu++0x";
				CLANG_CXX_LIBRARY = "libc++";
				CLANG_ENABLE_MODULES = YES;
				CLANG_ENABLE_OBJC_ARC = YES;
				CLANG_WARN_BOOL_CONVERSION = YES;
				CLANG_WARN_CONSTANT_CONVERSION = YES;
				CLANG_WARN_DIRECT_OBJC_ISA_USAGE = YES_ERROR;
				CLANG_WARN_DOCUMENTATION_COMMENTS = YES;
				CLANG_WARN_EMPTY_BODY = YES;
				CLANG_WARN_ENUM_CONVERSION = YES;
				CLANG_WARN_INFINITE_RECURSION = YES;
				CLANG_WARN_INT_CONVERSION = YES;
				CLANG_WARN_OBJC_ROOT_CLASS = YES_ERROR;
				CLANG_WARN_SUSPICIOUS_MOVE = YES;
				CLANG_WARN_UNREACHABLE_CODE = YES;
				CLANG_WARN__DUPLICATE_METHOD_MATCH = YES;
				"CODE_SIGN_IDENTITY[sdk=iphoneos*]" = "iPhone Developer";
				COPY_PHASE_STRIP = NO;
				DEBUG_INFORMATION_FORMAT = dwarf;
				ENABLE_STRICT_OBJC_MSGSEND = YES;
				ENABLE_TESTABILITY = YES;
				GCC_C_LANGUAGE_STANDARD = gnu99;
				GCC_DYNAMIC_NO_PIC = NO;
				GCC_NO_COMMON_BLOCKS = YES;
				GCC_OPTIMIZATION_LEVEL = 0;
				GCC_PREPROCESSOR_DEFINITIONS = (
					"DEBUG=1",
					"$(inherited)",
				);
				GCC_WARN_64_TO_32_BIT_CONVERSION = YES;
				GCC_WARN_ABOUT_RETURN_TYPE = YES_ERROR;
				GCC_WARN_UNDECLARED_SELECTOR = YES;
				GCC_WARN_UNINITIALIZED_AUTOS = YES_AGGRESSIVE;
				GCC_WARN_UNUSED_FUNCTION = YES;
				GCC_WARN_UNUSED_VARIABLE = YES;
				IPHONEOS_DEPLOYMENT_TARGET = 10.3;
				MTL_ENABLE_DEBUG_INFO = YES;
				ONLY_ACTIVE_ARCH = YES;
				SDKROOT = iphoneos;
				SWIFT_ACTIVE_COMPILATION_CONDITIONS = DEBUG;
				SWIFT_OPTIMIZATION_LEVEL = "-Onone";
				TARGETED_DEVICE_FAMILY = "1,2";
			};
			name = Debug;
		};
		D0920CEF1EC2F6CD00BBE06B /* Release */ = {
			isa = XCBuildConfiguration;
			buildSettings = {
				ALWAYS_SEARCH_USER_PATHS = NO;
				CLANG_ANALYZER_NONNULL = YES;
				CLANG_ANALYZER_NUMBER_OBJECT_CONVERSION = YES_AGGRESSIVE;
				CLANG_CXX_LANGUAGE_STANDARD = "gnu++0x";
				CLANG_CXX_LIBRARY = "libc++";
				CLANG_ENABLE_MODULES = YES;
				CLANG_ENABLE_OBJC_ARC = YES;
				CLANG_WARN_BOOL_CONVERSION = YES;
				CLANG_WARN_CONSTANT_CONVERSION = YES;
				CLANG_WARN_DIRECT_OBJC_ISA_USAGE = YES_ERROR;
				CLANG_WARN_DOCUMENTATION_COMMENTS = YES;
				CLANG_WARN_EMPTY_BODY = YES;
				CLANG_WARN_ENUM_CONVERSION = YES;
				CLANG_WARN_INFINITE_RECURSION = YES;
				CLANG_WARN_INT_CONVERSION = YES;
				CLANG_WARN_OBJC_ROOT_CLASS = YES_ERROR;
				CLANG_WARN_SUSPICIOUS_MOVE = YES;
				CLANG_WARN_UNREACHABLE_CODE = YES;
				CLANG_WARN__DUPLICATE_METHOD_MATCH = YES;
				"CODE_SIGN_IDENTITY[sdk=iphoneos*]" = "iPhone Developer";
				COPY_PHASE_STRIP = NO;
				DEBUG_INFORMATION_FORMAT = "dwarf-with-dsym";
				ENABLE_NS_ASSERTIONS = NO;
				ENABLE_STRICT_OBJC_MSGSEND = YES;
				GCC_C_LANGUAGE_STANDARD = gnu99;
				GCC_NO_COMMON_BLOCKS = YES;
				GCC_WARN_64_TO_32_BIT_CONVERSION = YES;
				GCC_WARN_ABOUT_RETURN_TYPE = YES_ERROR;
				GCC_WARN_UNDECLARED_SELECTOR = YES;
				GCC_WARN_UNINITIALIZED_AUTOS = YES_AGGRESSIVE;
				GCC_WARN_UNUSED_FUNCTION = YES;
				GCC_WARN_UNUSED_VARIABLE = YES;
				IPHONEOS_DEPLOYMENT_TARGET = 10.3;
				MTL_ENABLE_DEBUG_INFO = NO;
				SDKROOT = iphoneos;
				SWIFT_OPTIMIZATION_LEVEL = "-Owholemodule";
				TARGETED_DEVICE_FAMILY = "1,2";
				VALIDATE_PRODUCT = YES;
			};
			name = Release;
		};
		D0920CF11EC2F6CD00BBE06B /* Debug */ = {
			isa = XCBuildConfiguration;
			buildSettings = {
				ASSETCATALOG_COMPILER_APPICON_NAME = AppIcon;
				DEVELOPMENT_TEAM = MSPH9VBN9U;
				INFOPLIST_FILE = rainyshinycloudy/Info.plist;
				LD_RUNPATH_SEARCH_PATHS = "$(inherited) @executable_path/Frameworks";
				PRODUCT_BUNDLE_IDENTIFIER = com.davidramirez.rainyshinycloudy;
				PRODUCT_NAME = "$(TARGET_NAME)";
				SWIFT_VERSION = 3.0;
				TARGETED_DEVICE_FAMILY = 1;
			};
			name = Debug;
		};
		D0920CF21EC2F6CD00BBE06B /* Release */ = {
			isa = XCBuildConfiguration;
			buildSettings = {
				ASSETCATALOG_COMPILER_APPICON_NAME = AppIcon;
				DEVELOPMENT_TEAM = MSPH9VBN9U;
				INFOPLIST_FILE = rainyshinycloudy/Info.plist;
				LD_RUNPATH_SEARCH_PATHS = "$(inherited) @executable_path/Frameworks";
				PRODUCT_BUNDLE_IDENTIFIER = com.davidramirez.rainyshinycloudy;
				PRODUCT_NAME = "$(TARGET_NAME)";
				SWIFT_VERSION = 3.0;
				TARGETED_DEVICE_FAMILY = 1;
			};
			name = Release;
		};
		D0920CF41EC2F6CD00BBE06B /* Debug */ = {
			isa = XCBuildConfiguration;
			buildSettings = {
				ALWAYS_EMBED_SWIFT_STANDARD_LIBRARIES = YES;
				BUNDLE_LOADER = "$(TEST_HOST)";
				DEVELOPMENT_TEAM = MSPH9VBN9U;
				INFOPLIST_FILE = rainyshinycloudyTests/Info.plist;
				LD_RUNPATH_SEARCH_PATHS = "$(inherited) @executable_path/Frameworks @loader_path/Frameworks";
				PRODUCT_BUNDLE_IDENTIFIER = com.davidramirez.rainyshinycloudyTests;
				PRODUCT_NAME = "$(TARGET_NAME)";
				SWIFT_VERSION = 3.0;
				TEST_HOST = "$(BUILT_PRODUCTS_DIR)/rainyshinycloudy.app/rainyshinycloudy";
			};
			name = Debug;
		};
		D0920CF51EC2F6CD00BBE06B /* Release */ = {
			isa = XCBuildConfiguration;
			buildSettings = {
				ALWAYS_EMBED_SWIFT_STANDARD_LIBRARIES = YES;
				BUNDLE_LOADER = "$(TEST_HOST)";
				DEVELOPMENT_TEAM = MSPH9VBN9U;
				INFOPLIST_FILE = rainyshinycloudyTests/Info.plist;
				LD_RUNPATH_SEARCH_PATHS = "$(inherited) @executable_path/Frameworks @loader_path/Frameworks";
				PRODUCT_BUNDLE_IDENTIFIER = com.davidramirez.rainyshinycloudyTests;
				PRODUCT_NAME = "$(TARGET_NAME)";
				SWIFT_VERSION = 3.0;
				TEST_HOST = "$(BUILT_PRODUCTS_DIR)/rainyshinycloudy.app/rainyshinycloudy";
			};
			name = Release;
		};
		D0920CF71EC2F6CD00BBE06B /* Debug */ = {
			isa = XCBuildConfiguration;
			buildSettings = {
				ALWAYS_EMBED_SWIFT_STANDARD_LIBRARIES = YES;
				DEVELOPMENT_TEAM = MSPH9VBN9U;
				INFOPLIST_FILE = rainyshinycloudyUITests/Info.plist;
				LD_RUNPATH_SEARCH_PATHS = "$(inherited) @executable_path/Frameworks @loader_path/Frameworks";
				PRODUCT_BUNDLE_IDENTIFIER = com.davidramirez.rainyshinycloudyUITests;
				PRODUCT_NAME = "$(TARGET_NAME)";
				SWIFT_VERSION = 3.0;
				TEST_TARGET_NAME = rainyshinycloudy;
			};
			name = Debug;
		};
		D0920CF81EC2F6CD00BBE06B /* Release */ = {
			isa = XCBuildConfiguration;
			buildSettings = {
				ALWAYS_EMBED_SWIFT_STANDARD_LIBRARIES = YES;
				DEVELOPMENT_TEAM = MSPH9VBN9U;
				INFOPLIST_FILE = rainyshinycloudyUITests/Info.plist;
				LD_RUNPATH_SEARCH_PATHS = "$(inherited) @executable_path/Frameworks @loader_path/Frameworks";
				PRODUCT_BUNDLE_IDENTIFIER = com.davidramirez.rainyshinycloudyUITests;
				PRODUCT_NAME = "$(TARGET_NAME)";
				SWIFT_VERSION = 3.0;
				TEST_TARGET_NAME = rainyshinycloudy;
			};
			name = Release;
		};
/* End XCBuildConfiguration section */

/* Begin XCConfigurationList section */
		D0920CC31EC2F6CC00BBE06B /* Build configuration list for PBXProject "rainyshinycloudy" */ = {
			isa = XCConfigurationList;
			buildConfigurations = (
				D0920CEE1EC2F6CD00BBE06B /* Debug */,
				D0920CEF1EC2F6CD00BBE06B /* Release */,
			);
			defaultConfigurationIsVisible = 0;
			defaultConfigurationName = Release;
		};
		D0920CF01EC2F6CD00BBE06B /* Build configuration list for PBXNativeTarget "rainyshinycloudy" */ = {
			isa = XCConfigurationList;
			buildConfigurations = (
				D0920CF11EC2F6CD00BBE06B /* Debug */,
				D0920CF21EC2F6CD00BBE06B /* Release */,
			);
			defaultConfigurationIsVisible = 0;
		};
		D0920CF31EC2F6CD00BBE06B /* Build configuration list for PBXNativeTarget "rainyshinycloudyTests" */ = {
			isa = XCConfigurationList;
			buildConfigurations = (
				D0920CF41EC2F6CD00BBE06B /* Debug */,
				D0920CF51EC2F6CD00BBE06B /* Release */,
			);
			defaultConfigurationIsVisible = 0;
		};
		D0920CF61EC2F6CD00BBE06B /* Build configuration list for PBXNativeTarget "rainyshinycloudyUITests" */ = {
			isa = XCConfigurationList;
			buildConfigurations = (
				D0920CF71EC2F6CD00BBE06B /* Debug */,
				D0920CF81EC2F6CD00BBE06B /* Release */,
			);
			defaultConfigurationIsVisible = 0;
		};
/* End XCConfigurationList section */
	};
	rootObject = D0920CC01EC2F6CC00BBE06B /* Project object */;
}
